
Microsoft Visual Studio Solution File, Format Version 12.00
# Visual Studio Version 17
VisualStudioVersion = 17.1.32210.238
MinimumVisualStudioVersion = 10.0.40219.1
Project("{FAE04EC0-301F-11D3-BF4B-00C04F79EFBC}") = "LibraryManagmentSystem", "LibraryManagmentSystem\LibraryManagmentSystem.csproj", "{FBC371B8-4CDA-4D02-A407-2E57D1F93BF1}"
EndProject
Project("{FAE04EC0-301F-11D3-BF4B-00C04F79EFBC}") = "LMS_UI", "LMS_UI\LMS_UI.csproj", "{B36F4878-8677-4F4D-855D-186080160722}"
EndProject
Global
	GlobalSection(SolutionConfigurationPlatforms) = preSolution
		Debug|Any CPU = Debug|Any CPU
		Release|Any CPU = Release|Any CPU
	EndGlobalSection
	GlobalSection(ProjectConfigurationPlatforms) = postSolution
		{FBC371B8-4CDA-4D02-A407-2E57D1F93BF1}.Debug|Any CPU.ActiveCfg = Debug|Any CPU
		{FBC371B8-4CDA-4D02-A407-2E57D1F93BF1}.Debug|Any CPU.Build.0 = Debug|Any CPU
		{FBC371B8-4CDA-4D02-A407-2E57D1F93BF1}.Release|Any CPU.ActiveCfg = Release|Any CPU
		{FBC371B8-4CDA-4D02-A407-2E57D1F93BF1}.Release|Any CPU.Build.0 = Release|Any CPU
		{B36F4878-8677-4F4D-855D-186080160722}.Debug|Any CPU.ActiveCfg = Debug|Any CPU
		{B36F4878-8677-4F4D-855D-186080160722}.Debug|Any CPU.Build.0 = Debug|Any CPU
		{B36F4878-8677-4F4D-855D-186080160722}.Release|Any CPU.ActiveCfg = Release|Any CPU
		{B36F4878-8677-4F4D-855D-186080160722}.Release|Any CPU.Build.0 = Release|Any CPU
	EndGlobalSection
	GlobalSection(SolutionProperties) = preSolution
		HideSolutionNode = FALSE
	EndGlobalSection
	GlobalSection(ExtensibilityGlobals) = postSolution
		SolutionGuid = {8C5FBB84-ED92-4F10-98F7-B6F53FC6DF72}
	EndGlobalSection
EndGlobal
